// !$*UTF8*$!
{
	archiveVersion = 1;
	classes = {
	};
	objectVersion = 50;
	objects = {

/* Begin PBXBuildFile section */
		91C6AB8E2128FD4400CAB75A /* AppDelegate.swift in Sources */ = {isa = PBXBuildFile; fileRef = 91C6AB8D2128FD4400CAB75A /* AppDelegate.swift */; };
		91C6AB932128FD4400CAB75A /* Main.storyboard in Resources */ = {isa = PBXBuildFile; fileRef = 91C6AB912128FD4400CAB75A /* Main.storyboard */; };
		91C6AB952128FD4700CAB75A /* Assets.xcassets in Resources */ = {isa = PBXBuildFile; fileRef = 91C6AB942128FD4700CAB75A /* Assets.xcassets */; };
		91C6AB982128FD4700CAB75A /* LaunchScreen.storyboard in Resources */ = {isa = PBXBuildFile; fileRef = 91C6AB962128FD4700CAB75A /* LaunchScreen.storyboard */; };
		91C6ABA32128FD4700CAB75A /* DogsTests.swift in Sources */ = {isa = PBXBuildFile; fileRef = 91C6ABA22128FD4700CAB75A /* DogsTests.swift */; };
		91C6ABAE2128FD4700CAB75A /* DogsUITests.swift in Sources */ = {isa = PBXBuildFile; fileRef = 91C6ABAD2128FD4700CAB75A /* DogsUITests.swift */; };
		91C6ABBC2128FE4E00CAB75A /* DogsViewController.swift in Sources */ = {isa = PBXBuildFile; fileRef = 91C6ABBB2128FE4E00CAB75A /* DogsViewController.swift */; };
		91C6ABBE2128FEA000CAB75A /* DogViewCell.swift in Sources */ = {isa = PBXBuildFile; fileRef = 91C6ABBD2128FEA000CAB75A /* DogViewCell.swift */; };
		91C6ABC0212900C600CAB75A /* Dog.swift in Sources */ = {isa = PBXBuildFile; fileRef = 91C6ABBF212900C600CAB75A /* Dog.swift */; };
/* End PBXBuildFile section */

/* Begin PBXContainerItemProxy section */
		91C6AB9F2128FD4700CAB75A /* PBXContainerItemProxy */ = {
			isa = PBXContainerItemProxy;
			containerPortal = 91C6AB822128FD4400CAB75A /* Project object */;
			proxyType = 1;
			remoteGlobalIDString = 91C6AB892128FD4400CAB75A;
			remoteInfo = Dogs;
		};
		91C6ABAA2128FD4700CAB75A /* PBXContainerItemProxy */ = {
			isa = PBXContainerItemProxy;
			containerPortal = 91C6AB822128FD4400CAB75A /* Project object */;
			proxyType = 1;
			remoteGlobalIDString = 91C6AB892128FD4400CAB75A;
			remoteInfo = Dogs;
		};
/* End PBXContainerItemProxy section */

/* Begin PBXFileReference section */
		91C6AB8A2128FD4400CAB75A /* Dogs.app */ = {isa = PBXFileReference; explicitFileType = wrapper.application; includeInIndex = 0; path = Dogs.app; sourceTree = BUILT_PRODUCTS_DIR; };
		91C6AB8D2128FD4400CAB75A /* AppDelegate.swift */ = {isa = PBXFileReference; lastKnownFileType = sourcecode.swift; path = AppDelegate.swift; sourceTree = "<group>"; };
		91C6AB922128FD4400CAB75A /* Base */ = {isa = PBXFileReference; lastKnownFileType = file.storyboard; name = Base; path = Base.lproj/Main.storyboard; sourceTree = "<group>"; };
		91C6AB942128FD4700CAB75A /* Assets.xcassets */ = {isa = PBXFileReference; lastKnownFileType = folder.assetcatalog; path = Assets.xcassets; sourceTree = "<group>"; };
		91C6AB972128FD4700CAB75A /* Base */ = {isa = PBXFileReference; lastKnownFileType = file.storyboard; name = Base; path = Base.lproj/LaunchScreen.storyboard; sourceTree = "<group>"; };
		91C6AB992128FD4700CAB75A /* Info.plist */ = {isa = PBXFileReference; lastKnownFileType = text.plist.xml; path = Info.plist; sourceTree = "<group>"; };
		91C6AB9E2128FD4700CAB75A /* DogsTests.xctest */ = {isa = PBXFileReference; explicitFileType = wrapper.cfbundle; includeInIndex = 0; path = DogsTests.xctest; sourceTree = BUILT_PRODUCTS_DIR; };
		91C6ABA22128FD4700CAB75A /* DogsTests.swift */ = {isa = PBXFileReference; lastKnownFileType = sourcecode.swift; path = DogsTests.swift; sourceTree = "<group>"; };
		91C6ABA42128FD4700CAB75A /* Info.plist */ = {isa = PBXFileReference; lastKnownFileType = text.plist.xml; path = Info.plist; sourceTree = "<group>"; };
		91C6ABA92128FD4700CAB75A /* DogsUITests.xctest */ = {isa = PBXFileReference; explicitFileType = wrapper.cfbundle; includeInIndex = 0; path = DogsUITests.xctest; sourceTree = BUILT_PRODUCTS_DIR; };
		91C6ABAD2128FD4700CAB75A /* DogsUITests.swift */ = {isa = PBXFileReference; lastKnownFileType = sourcecode.swift; path = DogsUITests.swift; sourceTree = "<group>"; };
		91C6ABAF2128FD4700CAB75A /* Info.plist */ = {isa = PBXFileReference; lastKnownFileType = text.plist.xml; path = Info.plist; sourceTree = "<group>"; };
		91C6ABBB2128FE4E00CAB75A /* DogsViewController.swift */ = {isa = PBXFileReference; lastKnownFileType = sourcecode.swift; path = DogsViewController.swift; sourceTree = "<group>"; };
		91C6ABBD2128FEA000CAB75A /* DogViewCell.swift */ = {isa = PBXFileReference; lastKnownFileType = sourcecode.swift; path = DogViewCell.swift; sourceTree = "<group>"; };
		91C6ABBF212900C600CAB75A /* Dog.swift */ = {isa = PBXFileReference; lastKnownFileType = sourcecode.swift; path = Dog.swift; sourceTree = "<group>"; };
/* End PBXFileReference section */

/* Begin PBXFrameworksBuildPhase section */
		91C6AB872128FD4400CAB75A /* Frameworks */ = {
			isa = PBXFrameworksBuildPhase;
			buildActionMask = 2147483647;
			files = (
			);
			runOnlyForDeploymentPostprocessing = 0;
		};
		91C6AB9B2128FD4700CAB75A /* Frameworks */ = {
			isa = PBXFrameworksBuildPhase;
			buildActionMask = 2147483647;
			files = (
			);
			runOnlyForDeploymentPostprocessing = 0;
		};
		91C6ABA62128FD4700CAB75A /* Frameworks */ = {
			isa = PBXFrameworksBuildPhase;
			buildActionMask = 2147483647;
			files = (
			);
			runOnlyForDeploymentPostprocessing = 0;
		};
/* End PBXFrameworksBuildPhase section */

/* Begin PBXGroup section */
		91C6AB812128FD4400CAB75A = {
			isa = PBXGroup;
			children = (
				91C6AB8C2128FD4400CAB75A /* Dogs */,
				91C6ABA12128FD4700CAB75A /* DogsTests */,
				91C6ABAC2128FD4700CAB75A /* DogsUITests */,
				91C6AB8B2128FD4400CAB75A /* Products */,
			);
			sourceTree = "<group>";
		};
		91C6AB8B2128FD4400CAB75A /* Products */ = {
			isa = PBXGroup;
			children = (
				91C6AB8A2128FD4400CAB75A /* Dogs.app */,
				91C6AB9E2128FD4700CAB75A /* DogsTests.xctest */,
				91C6ABA92128FD4700CAB75A /* DogsUITests.xctest */,
			);
			name = Products;
			sourceTree = "<group>";
		};
		91C6AB8C2128FD4400CAB75A /* Dogs */ = {
			isa = PBXGroup;
			children = (
				91C6AB8D2128FD4400CAB75A /* AppDelegate.swift */,
				91C6AB912128FD4400CAB75A /* Main.storyboard */,
				91C6ABBD2128FEA000CAB75A /* DogViewCell.swift */,
				91C6ABBB2128FE4E00CAB75A /* DogsViewController.swift */,
				91C6AB942128FD4700CAB75A /* Assets.xcassets */,
				91C6AB962128FD4700CAB75A /* LaunchScreen.storyboard */,
				91C6AB992128FD4700CAB75A /* Info.plist */,
				91C6ABBF212900C600CAB75A /* Dog.swift */,
			);
			path = Dogs;
			sourceTree = "<group>";
		};
		91C6ABA12128FD4700CAB75A /* DogsTests */ = {
			isa = PBXGroup;
			children = (
				91C6ABA22128FD4700CAB75A /* DogsTests.swift */,
				91C6ABA42128FD4700CAB75A /* Info.plist */,
			);
			path = DogsTests;
			sourceTree = "<group>";
		};
		91C6ABAC2128FD4700CAB75A /* DogsUITests */ = {
			isa = PBXGroup;
			children = (
				91C6ABAD2128FD4700CAB75A /* DogsUITests.swift */,
				91C6ABAF2128FD4700CAB75A /* Info.plist */,
			);
			path = DogsUITests;
			sourceTree = "<group>";
		};
/* End PBXGroup section */

/* Begin PBXNativeTarget section */
		91C6AB892128FD4400CAB75A /* Dogs */ = {
			isa = PBXNativeTarget;
			buildConfigurationList = 91C6ABB22128FD4700CAB75A /* Build configuration list for PBXNativeTarget "Dogs" */;
			buildPhases = (
				91C6AB862128FD4400CAB75A /* Sources */,
				91C6AB872128FD4400CAB75A /* Frameworks */,
				91C6AB882128FD4400CAB75A /* Resources */,
			);
			buildRules = (
			);
			dependencies = (
			);
			name = Dogs;
			productName = Dogs;
			productReference = 91C6AB8A2128FD4400CAB75A /* Dogs.app */;
			productType = "com.apple.product-type.application";
		};
		91C6AB9D2128FD4700CAB75A /* DogsTests */ = {
			isa = PBXNativeTarget;
			buildConfigurationList = 91C6ABB52128FD4700CAB75A /* Build configuration list for PBXNativeTarget "DogsTests" */;
			buildPhases = (
				91C6AB9A2128FD4700CAB75A /* Sources */,
				91C6AB9B2128FD4700CAB75A /* Frameworks */,
				91C6AB9C2128FD4700CAB75A /* Resources */,
			);
			buildRules = (
			);
			dependencies = (
				91C6ABA02128FD4700CAB75A /* PBXTargetDependency */,
			);
			name = DogsTests;
			productName = DogsTests;
			productReference = 91C6AB9E2128FD4700CAB75A /* DogsTests.xctest */;
			productType = "com.apple.product-type.bundle.unit-test";
		};
		91C6ABA82128FD4700CAB75A /* DogsUITests */ = {
			isa = PBXNativeTarget;
			buildConfigurationList = 91C6ABB82128FD4700CAB75A /* Build configuration list for PBXNativeTarget "DogsUITests" */;
			buildPhases = (
				91C6ABA52128FD4700CAB75A /* Sources */,
				91C6ABA62128FD4700CAB75A /* Frameworks */,
				91C6ABA72128FD4700CAB75A /* Resources */,
			);
			buildRules = (
			);
			dependencies = (
				91C6ABAB2128FD4700CAB75A /* PBXTargetDependency */,
			);
			name = DogsUITests;
			productName = DogsUITests;
			productReference = 91C6ABA92128FD4700CAB75A /* DogsUITests.xctest */;
			productType = "com.apple.product-type.bundle.ui-testing";
		};
/* End PBXNativeTarget section */

/* Begin PBXProject section */
		91C6AB822128FD4400CAB75A /* Project object */ = {
			isa = PBXProject;
			attributes = {
				LastSwiftUpdateCheck = 0940;
				LastUpgradeCheck = 0940;
				ORGANIZATIONNAME = Bennett;
				TargetAttributes = {
					91C6AB892128FD4400CAB75A = {
						CreatedOnToolsVersion = 9.4.1;
					};
					91C6AB9D2128FD4700CAB75A = {
						CreatedOnToolsVersion = 9.4.1;
						TestTargetID = 91C6AB892128FD4400CAB75A;
					};
					91C6ABA82128FD4700CAB75A = {
						CreatedOnToolsVersion = 9.4.1;
						TestTargetID = 91C6AB892128FD4400CAB75A;
					};
				};
			};
			buildConfigurationList = 91C6AB852128FD4400CAB75A /* Build configuration list for PBXProject "Dogs" */;
			compatibilityVersion = "Xcode 9.3";
			developmentRegion = en;
			hasScannedForEncodings = 0;
			knownRegions = (
				en,
				Base,
			);
			mainGroup = 91C6AB812128FD4400CAB75A;
			productRefGroup = 91C6AB8B2128FD4400CAB75A /* Products */;
			projectDirPath = "";
			projectRoot = "";
			targets = (
				91C6AB892128FD4400CAB75A /* Dogs */,
				91C6AB9D2128FD4700CAB75A /* DogsTests */,
				91C6ABA82128FD4700CAB75A /* DogsUITests */,
			);
		};
/* End PBXProject section */

/* Begin PBXResourcesBuildPhase section */
		91C6AB882128FD4400CAB75A /* Resources */ = {
			isa = PBXResourcesBuildPhase;
			buildActionMask = 2147483647;
			files = (
				91C6AB982128FD4700CAB75A /* LaunchScreen.storyboard in Resources */,
				91C6AB952128FD4700CAB75A /* Assets.xcassets in Resources */,
				91C6AB932128FD4400CAB75A /* Main.storyboard in Resources */,
			);
			runOnlyForDeploymentPostprocessing = 0;
		};
		91C6AB9C2128FD4700CAB75A /* Resources */ = {
			isa = PBXResourcesBuildPhase;
			buildActionMask = 2147483647;
			files = (
			);
			runOnlyForDeploymentPostprocessing = 0;
		};
		91C6ABA72128FD4700CAB75A /* Resources */ = {
			isa = PBXResourcesBuildPhase;
			buildActionMask = 2147483647;
			files = (
			);
			runOnlyForDeploymentPostprocessing = 0;
		};
/* End PBXResourcesBuildPhase section */

/* Begin PBXSourcesBuildPhase section */
		91C6AB862128FD4400CAB75A /* Sources */ = {
			isa = PBXSourcesBuildPhase;
			buildActionMask = 2147483647;
			files = (
				91C6AB8E2128FD4400CAB75A /* AppDelegate.swift in Sources */,
				91C6ABBE2128FEA000CAB75A /* DogViewCell.swift in Sources */,
				91C6ABC0212900C600CAB75A /* Dog.swift in Sources */,
				91C6ABBC2128FE4E00CAB75A /* DogsViewController.swift in Sources */,
			);
			runOnlyForDeploymentPostprocessing = 0;
		};
		91C6AB9A2128FD4700CAB75A /* Sources */ = {
			isa = PBXSourcesBuildPhase;
			buildActionMask = 2147483647;
			files = (
				91C6ABA32128FD4700CAB75A /* DogsTests.swift in Sources */,
			);
			runOnlyForDeploymentPostprocessing = 0;
		};
		91C6ABA52128FD4700CAB75A /* Sources */ = {
			isa = PBXSourcesBuildPhase;
			buildActionMask = 2147483647;
			files = (
				91C6ABAE2128FD4700CAB75A /* DogsUITests.swift in Sources */,
			);
			runOnlyForDeploymentPostprocessing = 0;
		};
/* End PBXSourcesBuildPhase section */

/* Begin PBXTargetDependency section */
		91C6ABA02128FD4700CAB75A /* PBXTargetDependency */ = {
			isa = PBXTargetDependency;
			target = 91C6AB892128FD4400CAB75A /* Dogs */;
			targetProxy = 91C6AB9F2128FD4700CAB75A /* PBXContainerItemProxy */;
		};
		91C6ABAB2128FD4700CAB75A /* PBXTargetDependency */ = {
			isa = PBXTargetDependency;
			target = 91C6AB892128FD4400CAB75A /* Dogs */;
			targetProxy = 91C6ABAA2128FD4700CAB75A /* PBXContainerItemProxy */;
		};
/* End PBXTargetDependency section */

/* Begin PBXVariantGroup section */
		91C6AB912128FD4400CAB75A /* Main.storyboard */ = {
			isa = PBXVariantGroup;
			children = (
				91C6AB922128FD4400CAB75A /* Base */,
			);
			name = Main.storyboard;
			sourceTree = "<group>";
		};
		91C6AB962128FD4700CAB75A /* LaunchScreen.storyboard */ = {
			isa = PBXVariantGroup;
			children = (
				91C6AB972128FD4700CAB75A /* Base */,
			);
			name = LaunchScreen.storyboard;
			sourceTree = "<group>";
		};
/* End PBXVariantGroup section */

/* Begin XCBuildConfiguration section */
		91C6ABB02128FD4700CAB75A /* Debug */ = {
			isa = XCBuildConfiguration;
			buildSettings = {
				ALWAYS_SEARCH_USER_PATHS = NO;
				CLANG_ANALYZER_NONNULL = YES;
				CLANG_ANALYZER_NUMBER_OBJECT_CONVERSION = YES_AGGRESSIVE;
				CLANG_CXX_LANGUAGE_STANDARD = "gnu++14";
				CLANG_CXX_LIBRARY = "libc++";
				CLANG_ENABLE_MODULES = YES;
				CLANG_ENABLE_OBJC_ARC = YES;
				CLANG_ENABLE_OBJC_WEAK = YES;
				CLANG_WARN_BLOCK_CAPTURE_AUTORELEASING = YES;
				CLANG_WARN_BOOL_CONVERSION = YES;
				CLANG_WARN_COMMA = YES;
				CLANG_WARN_CONSTANT_CONVERSION = YES;
				CLANG_WARN_DEPRECATED_OBJC_IMPLEMENTATIONS = YES;
				CLANG_WARN_DIRECT_OBJC_ISA_USAGE = YES_ERROR;
				CLANG_WARN_DOCUMENTATION_COMMENTS = YES;
				CLANG_WARN_EMPTY_BODY = YES;
				CLANG_WARN_ENUM_CONVERSION = YES;
				CLANG_WARN_INFINITE_RECURSION = YES;
				CLANG_WARN_INT_CONVERSION = YES;
				CLANG_WARN_NON_LITERAL_NULL_CONVERSION = YES;
				CLANG_WARN_OBJC_IMPLICIT_RETAIN_SELF = YES;
				CLANG_WARN_OBJC_LITERAL_CONVERSION = YES;
				CLANG_WARN_OBJC_ROOT_CLASS = YES_ERROR;
				CLANG_WARN_RANGE_LOOP_ANALYSIS = YES;
				CLANG_WARN_STRICT_PROTOTYPES = YES;
				CLANG_WARN_SUSPICIOUS_MOVE = YES;
				CLANG_WARN_UNGUARDED_AVAILABILITY = YES_AGGRESSIVE;
				CLANG_WARN_UNREACHABLE_CODE = YES;
				CLANG_WARN__DUPLICATE_METHOD_MATCH = YES;
				CODE_SIGN_IDENTITY = "iPhone Developer";
				COPY_PHASE_STRIP = NO;
				DEBUG_INFORMATION_FORMAT = dwarf;
				ENABLE_STRICT_OBJC_MSGSEND = YES;
				ENABLE_TESTABILITY = YES;
				GCC_C_LANGUAGE_STANDARD = gnu11;
				GCC_DYNAMIC_NO_PIC = NO;
				GCC_NO_COMMON_BLOCKS = YES;
				GCC_OPTIMIZATION_LEVEL = 0;
				GCC_PREPROCESSOR_DEFINITIONS = (
					"DEBUG=1",
					"$(inherited)",
				);
				GCC_WARN_64_TO_32_BIT_CONVERSION = YES;
				GCC_WARN_ABOUT_RETURN_TYPE = YES_ERROR;
				GCC_WARN_UNDECLARED_SELECTOR = YES;
				GCC_WARN_UNINITIALIZED_AUTOS = YES_AGGRESSIVE;
				GCC_WARN_UNUSED_FUNCTION = YES;
				GCC_WARN_UNUSED_VARIABLE = YES;
				IPHONEOS_DEPLOYMENT_TARGET = 11.4;
				MTL_ENABLE_DEBUG_INFO = YES;
				ONLY_ACTIVE_ARCH = YES;
				SDKROOT = iphoneos;
				SWIFT_ACTIVE_COMPILATION_CONDITIONS = DEBUG;
				SWIFT_OPTIMIZATION_LEVEL = "-Onone";
			};
			name = Debug;
		};
		91C6ABB12128FD4700CAB75A /* Release */ = {
			isa = XCBuildConfiguration;
			buildSettings = {
				ALWAYS_SEARCH_USER_PATHS = NO;
				CLANG_ANALYZER_NONNULL = YES;
				CLANG_ANALYZER_NUMBER_OBJECT_CONVERSION = YES_AGGRESSIVE;
				CLANG_CXX_LANGUAGE_STANDARD = "gnu++14";
				CLANG_CXX_LIBRARY = "libc++";
				CLANG_ENABLE_MODULES = YES;
				CLANG_ENABLE_OBJC_ARC = YES;
				CLANG_ENABLE_OBJC_WEAK = YES;
				CLANG_WARN_BLOCK_CAPTURE_AUTORELEASING = YES;
				CLANG_WARN_BOOL_CONVERSION = YES;
				CLANG_WARN_COMMA = YES;
				CLANG_WARN_CONSTANT_CONVERSION = YES;
				CLANG_WARN_DEPRECATED_OBJC_IMPLEMENTATIONS = YES;
				CLANG_WARN_DIRECT_OBJC_ISA_USAGE = YES_ERROR;
				CLANG_WARN_DOCUMENTATION_COMMENTS = YES;
				CLANG_WARN_EMPTY_BODY = YES;
				CLANG_WARN_ENUM_CONVERSION = YES;
				CLANG_WARN_INFINITE_RECURSION = YES;
				CLANG_WARN_INT_CONVERSION = YES;
				CLANG_WARN_NON_LITERAL_NULL_CONVERSION = YES;
				CLANG_WARN_OBJC_IMPLICIT_RETAIN_SELF = YES;
				CLANG_WARN_OBJC_LITERAL_CONVERSION = YES;
				CLANG_WARN_OBJC_ROOT_CLASS = YES_ERROR;
				CLANG_WARN_RANGE_LOOP_ANALYSIS = YES;
				CLANG_WARN_STRICT_PROTOTYPES = YES;
				CLANG_WARN_SUSPICIOUS_MOVE = YES;
				CLANG_WARN_UNGUARDED_AVAILABILITY = YES_AGGRESSIVE;
				CLANG_WARN_UNREACHABLE_CODE = YES;
				CLANG_WARN__DUPLICATE_METHOD_MATCH = YES;
				CODE_SIGN_IDENTITY = "iPhone Developer";
				COPY_PHASE_STRIP = NO;
				DEBUG_INFORMATION_FORMAT = "dwarf-with-dsym";
				ENABLE_NS_ASSERTIONS = NO;
				ENABLE_STRICT_OBJC_MSGSEND = YES;
				GCC_C_LANGUAGE_STANDARD = gnu11;
				GCC_NO_COMMON_BLOCKS = YES;
				GCC_WARN_64_TO_32_BIT_CONVERSION = YES;
				GCC_WARN_ABOUT_RETURN_TYPE = YES_ERROR;
				GCC_WARN_UNDECLARED_SELECTOR = YES;
				GCC_WARN_UNINITIALIZED_AUTOS = YES_AGGRESSIVE;
				GCC_WARN_UNUSED_FUNCTION = YES;
				GCC_WARN_UNUSED_VARIABLE = YES;
				IPHONEOS_DEPLOYMENT_TARGET = 11.4;
				MTL_ENABLE_DEBUG_INFO = NO;
				SDKROOT = iphoneos;
				SWIFT_COMPILATION_MODE = wholemodule;
				SWIFT_OPTIMIZATION_LEVEL = "-O";
				VALIDATE_PRODUCT = YES;
			};
			name = Release;
		};
		91C6ABB32128FD4700CAB75A /* Debug */ = {
			isa = XCBuildConfiguration;
			buildSettings = {
				ASSETCATALOG_COMPILER_APPICON_NAME = AppIcon;
				CODE_SIGN_STYLE = Automatic;
				INFOPLIST_FILE = Dogs/Info.plist;
				LD_RUNPATH_SEARCH_PATHS = (
					"$(inherited)",
					"@executable_path/Frameworks",
				);
				PRODUCT_BUNDLE_IDENTIFIER = com.bennett.Dogs;
				PRODUCT_NAME = "$(TARGET_NAME)";
				SWIFT_VERSION = 4.0;
				TARGETED_DEVICE_FAMILY = "1,2";
			};
			name = Debug;
		};
		91C6ABB42128FD4700CAB75A /* Release */ = {
			isa = XCBuildConfiguration;
			buildSettings = {
				ASSETCATALOG_COMPILER_APPICON_NAME = AppIcon;
				CODE_SIGN_STYLE = Automatic;
				INFOPLIST_FILE = Dogs/Info.plist;
				LD_RUNPATH_SEARCH_PATHS = (
					"$(inherited)",
					"@executable_path/Frameworks",
				);
				PRODUCT_BUNDLE_IDENTIFIER = com.bennett.Dogs;
				PRODUCT_NAME = "$(TARGET_NAME)";
				SWIFT_VERSION = 4.0;
				TARGETED_DEVICE_FAMILY = "1,2";
			};
			name = Release;
		};
		91C6ABB62128FD4700CAB75A /* Debug */ = {
			isa = XCBuildConfiguration;
			buildSettings = {
				ALWAYS_EMBED_SWIFT_STANDARD_LIBRARIES = YES;
				BUNDLE_LOADER = "$(TEST_HOST)";
				CODE_SIGN_STYLE = Automatic;
				INFOPLIST_FILE = DogsTests/Info.plist;
				LD_RUNPATH_SEARCH_PATHS = (
					"$(inherited)",
					"@executable_path/Frameworks",
					"@loader_path/Frameworks",
				);
				PRODUCT_BUNDLE_IDENTIFIER = com.bennett.DogsTests;
				PRODUCT_NAME = "$(TARGET_NAME)";
				SWIFT_VERSION = 4.0;
				TARGETED_DEVICE_FAMILY = "1,2";
				TEST_HOST = "$(BUILT_PRODUCTS_DIR)/Dogs.app/Dogs";
			};
			name = Debug;
		};
		91C6ABB72128FD4700CAB75A /* Release */ = {
			isa = XCBuildConfiguration;
			buildSettings = {
				ALWAYS_EMBED_SWIFT_STANDARD_LIBRARIES = YES;
				BUNDLE_LOADER = "$(TEST_HOST)";
				CODE_SIGN_STYLE = Automatic;
				INFOPLIST_FILE = DogsTests/Info.plist;
				LD_RUNPATH_SEARCH_PATHS = (
					"$(inherited)",
					"@executable_path/Frameworks",
					"@loader_path/Frameworks",
				);
				PRODUCT_BUNDLE_IDENTIFIER = com.bennett.DogsTests;
				PRODUCT_NAME = "$(TARGET_NAME)";
				SWIFT_VERSION = 4.0;
				TARGETED_DEVICE_FAMILY = "1,2";
				TEST_HOST = "$(BUILT_PRODUCTS_DIR)/Dogs.app/Dogs";
			};
			name = Release;
		};
		91C6ABB92128FD4700CAB75A /* Debug */ = {
			isa = XCBuildConfiguration;
			buildSettings = {
				ALWAYS_EMBED_SWIFT_STANDARD_LIBRARIES = YES;
				CODE_SIGN_STYLE = Automatic;
				INFOPLIST_FILE = DogsUITests/Info.plist;
				LD_RUNPATH_SEARCH_PATHS = (
					"$(inherited)",
					"@executable_path/Frameworks",
					"@loader_path/Frameworks",
				);
				PRODUCT_BUNDLE_IDENTIFIER = com.bennett.DogsUITests;
				PRODUCT_NAME = "$(TARGET_NAME)";
				SWIFT_VERSION = 4.0;
				TARGETED_DEVICE_FAMILY = "1,2";
				TEST_TARGET_NAME = Dogs;
			};
			name = Debug;
		};
		91C6ABBA2128FD4700CAB75A /* Release */ = {
			isa = XCBuildConfiguration;
			buildSettings = {
				ALWAYS_EMBED_SWIFT_STANDARD_LIBRARIES = YES;
				CODE_SIGN_STYLE = Automatic;
				INFOPLIST_FILE = DogsUITests/Info.plist;
				LD_RUNPATH_SEARCH_PATHS = (
					"$(inherited)",
					"@executable_path/Frameworks",
					"@loader_path/Frameworks",
				);
				PRODUCT_BUNDLE_IDENTIFIER = com.bennett.DogsUITests;
				PRODUCT_NAME = "$(TARGET_NAME)";
				SWIFT_VERSION = 4.0;
				TARGETED_DEVICE_FAMILY = "1,2";
				TEST_TARGET_NAME = Dogs;
			};
			name = Release;
		};
/* End XCBuildConfiguration section */

/* Begin XCConfigurationList section */
		91C6AB852128FD4400CAB75A /* Build configuration list for PBXProject "Dogs" */ = {
			isa = XCConfigurationList;
			buildConfigurations = (
				91C6ABB02128FD4700CAB75A /* Debug */,
				91C6ABB12128FD4700CAB75A /* Release */,
			);
			defaultConfigurationIsVisible = 0;
			defaultConfigurationName = Release;
		};
		91C6ABB22128FD4700CAB75A /* Build configuration list for PBXNativeTarget "Dogs" */ = {
			isa = XCConfigurationList;
			buildConfigurations = (
				91C6ABB32128FD4700CAB75A /* Debug */,
				91C6ABB42128FD4700CAB75A /* Release */,
			);
			defaultConfigurationIsVisible = 0;
			defaultConfigurationName = Release;
		};
		91C6ABB52128FD4700CAB75A /* Build configuration list for PBXNativeTarget "DogsTests" */ = {
			isa = XCConfigurationList;
			buildConfigurations = (
				91C6ABB62128FD4700CAB75A /* Debug */,
				91C6ABB72128FD4700CAB75A /* Release */,
			);
			defaultConfigurationIsVisible = 0;
			defaultConfigurationName = Release;
		};
		91C6ABB82128FD4700CAB75A /* Build configuration list for PBXNativeTarget "DogsUITests" */ = {
			isa = XCConfigurationList;
			buildConfigurations = (
				91C6ABB92128FD4700CAB75A /* Debug */,
				91C6ABBA2128FD4700CAB75A /* Release */,
			);
			defaultConfigurationIsVisible = 0;
			defaultConfigurationName = Release;
		};
/* End XCConfigurationList section */
	};
	rootObject = 91C6AB822128FD4400CAB75A /* Project object */;
}
